// !$*UTF8*$!
{
	archiveVersion = 1;
	classes = {
	};
	objectVersion = 46;
	objects = {

/* Begin PBXBuildFile section */
		97AD2F8B1A3A361100E7E41B /* AppDelegate.swift in Sources */ = {isa = PBXBuildFile; fileRef = 97AD2F8A1A3A361100E7E41B /* AppDelegate.swift */; };
		97AD2F8D1A3A361100E7E41B /* ViewController.swift in Sources */ = {isa = PBXBuildFile; fileRef = 97AD2F8C1A3A361100E7E41B /* ViewController.swift */; };
		97AD2F901A3A361100E7E41B /* Main.storyboard in Resources */ = {isa = PBXBuildFile; fileRef = 97AD2F8E1A3A361100E7E41B /* Main.storyboard */; };
		97AD2F921A3A361100E7E41B /* Images.xcassets in Resources */ = {isa = PBXBuildFile; fileRef = 97AD2F911A3A361100E7E41B /* Images.xcassets */; };
		97AD2F951A3A361100E7E41B /* LaunchScreen.xib in Resources */ = {isa = PBXBuildFile; fileRef = 97AD2F931A3A361100E7E41B /* LaunchScreen.xib */; };
		97AD2FA11A3A361100E7E41B /* ShoeConverterTests.swift in Sources */ = {isa = PBXBuildFile; fileRef = 97AD2FA01A3A361100E7E41B /* ShoeConverterTests.swift */; };
/* End PBXBuildFile section */

/* Begin PBXContainerItemProxy section */
		97AD2F9B1A3A361100E7E41B /* PBXContainerItemProxy */ = {
			isa = PBXContainerItemProxy;
			containerPortal = 97AD2F7D1A3A361100E7E41B /* Project object */;
			proxyType = 1;
			remoteGlobalIDString = 97AD2F841A3A361100E7E41B;
			remoteInfo = ShoeConverter;
		};
/* End PBXContainerItemProxy section */

/* Begin PBXFileReference section */
		97AD2F851A3A361100E7E41B /* ShoeConverter.app */ = {isa = PBXFileReference; explicitFileType = wrapper.application; includeInIndex = 0; path = ShoeConverter.app; sourceTree = BUILT_PRODUCTS_DIR; };
		97AD2F891A3A361100E7E41B /* Info.plist */ = {isa = PBXFileReference; lastKnownFileType = text.plist.xml; path = Info.plist; sourceTree = "<group>"; };
		97AD2F8A1A3A361100E7E41B /* AppDelegate.swift */ = {isa = PBXFileReference; lastKnownFileType = sourcecode.swift; path = AppDelegate.swift; sourceTree = "<group>"; };
		97AD2F8C1A3A361100E7E41B /* ViewController.swift */ = {isa = PBXFileReference; lastKnownFileType = sourcecode.swift; path = ViewController.swift; sourceTree = "<group>"; };
		97AD2F8F1A3A361100E7E41B /* Base */ = {isa = PBXFileReference; lastKnownFileType = file.storyboard; name = Base; path = Base.lproj/Main.storyboard; sourceTree = "<group>"; };
		97AD2F911A3A361100E7E41B /* Images.xcassets */ = {isa = PBXFileReference; lastKnownFileType = folder.assetcatalog; path = Images.xcassets; sourceTree = "<group>"; };
		97AD2F941A3A361100E7E41B /* Base */ = {isa = PBXFileReference; lastKnownFileType = file.xib; name = Base; path = Base.lproj/LaunchScreen.xib; sourceTree = "<group>"; };
		97AD2F9A1A3A361100E7E41B /* ShoeConverterTests.xctest */ = {isa = PBXFileReference; explicitFileType = wrapper.cfbundle; includeInIndex = 0; path = ShoeConverterTests.xctest; sourceTree = BUILT_PRODUCTS_DIR; };
		97AD2F9F1A3A361100E7E41B /* Info.plist */ = {isa = PBXFileReference; lastKnownFileType = text.plist.xml; path = Info.plist; sourceTree = "<group>"; };
		97AD2FA01A3A361100E7E41B /* ShoeConverterTests.swift */ = {isa = PBXFileReference; lastKnownFileType = sourcecode.swift; path = ShoeConverterTests.swift; sourceTree = "<group>"; };
/* End PBXFileReference section */

/* Begin PBXFrameworksBuildPhase section */
		97AD2F821A3A361100E7E41B /* Frameworks */ = {
			isa = PBXFrameworksBuildPhase;
			buildActionMask = 2147483647;
			files = (
			);
			runOnlyForDeploymentPostprocessing = 0;
		};
		97AD2F971A3A361100E7E41B /* Frameworks */ = {
			isa = PBXFrameworksBuildPhase;
			buildActionMask = 2147483647;
			files = (
			);
			runOnlyForDeploymentPostprocessing = 0;
		};
/* End PBXFrameworksBuildPhase section */

/* Begin PBXGroup section */
		97AD2F7C1A3A361100E7E41B = {
			isa = PBXGroup;
			children = (
				97AD2F871A3A361100E7E41B /* ShoeConverter */,
				97AD2F9D1A3A361100E7E41B /* ShoeConverterTests */,
				97AD2F861A3A361100E7E41B /* Products */,
			);
			sourceTree = "<group>";
		};
		97AD2F861A3A361100E7E41B /* Products */ = {
			isa = PBXGroup;
			children = (
				97AD2F851A3A361100E7E41B /* ShoeConverter.app */,
				97AD2F9A1A3A361100E7E41B /* ShoeConverterTests.xctest */,
			);
			name = Products;
			sourceTree = "<group>";
		};
		97AD2F871A3A361100E7E41B /* ShoeConverter */ = {
			isa = PBXGroup;
			children = (
				97AD2F8A1A3A361100E7E41B /* AppDelegate.swift */,
				97AD2F8C1A3A361100E7E41B /* ViewController.swift */,
				97AD2F8E1A3A361100E7E41B /* Main.storyboard */,
				97AD2F911A3A361100E7E41B /* Images.xcassets */,
				97AD2F931A3A361100E7E41B /* LaunchScreen.xib */,
				97AD2F881A3A361100E7E41B /* Supporting Files */,
			);
			path = ShoeConverter;
			sourceTree = "<group>";
		};
		97AD2F881A3A361100E7E41B /* Supporting Files */ = {
			isa = PBXGroup;
			children = (
				97AD2F891A3A361100E7E41B /* Info.plist */,
			);
			name = "Supporting Files";
			sourceTree = "<group>";
		};
		97AD2F9D1A3A361100E7E41B /* ShoeConverterTests */ = {
			isa = PBXGroup;
			children = (
				97AD2FA01A3A361100E7E41B /* ShoeConverterTests.swift */,
				97AD2F9E1A3A361100E7E41B /* Supporting Files */,
			);
			path = ShoeConverterTests;
			sourceTree = "<group>";
		};
		97AD2F9E1A3A361100E7E41B /* Supporting Files */ = {
			isa = PBXGroup;
			children = (
				97AD2F9F1A3A361100E7E41B /* Info.plist */,
			);
			name = "Supporting Files";
			sourceTree = "<group>";
		};
/* End PBXGroup section */

/* Begin PBXNativeTarget section */
		97AD2F841A3A361100E7E41B /* ShoeConverter */ = {
			isa = PBXNativeTarget;
			buildConfigurationList = 97AD2FA41A3A361100E7E41B /* Build configuration list for PBXNativeTarget "ShoeConverter" */;
			buildPhases = (
				97AD2F811A3A361100E7E41B /* Sources */,
				97AD2F821A3A361100E7E41B /* Frameworks */,
				97AD2F831A3A361100E7E41B /* Resources */,
			);
			buildRules = (
			);
			dependencies = (
			);
			name = ShoeConverter;
			productName = ShoeConverter;
			productReference = 97AD2F851A3A361100E7E41B /* ShoeConverter.app */;
			productType = "com.apple.product-type.application";
		};
		97AD2F991A3A361100E7E41B /* ShoeConverterTests */ = {
			isa = PBXNativeTarget;
			buildConfigurationList = 97AD2FA71A3A361100E7E41B /* Build configuration list for PBXNativeTarget "ShoeConverterTests" */;
			buildPhases = (
				97AD2F961A3A361100E7E41B /* Sources */,
				97AD2F971A3A361100E7E41B /* Frameworks */,
				97AD2F981A3A361100E7E41B /* Resources */,
			);
			buildRules = (
			);
			dependencies = (
				97AD2F9C1A3A361100E7E41B /* PBXTargetDependency */,
			);
			name = ShoeConverterTests;
			productName = ShoeConverterTests;
			productReference = 97AD2F9A1A3A361100E7E41B /* ShoeConverterTests.xctest */;
			productType = "com.apple.product-type.bundle.unit-test";
		};
/* End PBXNativeTarget section */

/* Begin PBXProject section */
		97AD2F7D1A3A361100E7E41B /* Project object */ = {
			isa = PBXProject;
			attributes = {
				LastUpgradeCheck = 0600;
				ORGANIZATIONNAME = "Addo Labs";
				TargetAttributes = {
					97AD2F841A3A361100E7E41B = {
						CreatedOnToolsVersion = 6.0;
					};
					97AD2F991A3A361100E7E41B = {
						CreatedOnToolsVersion = 6.0;
						TestTargetID = 97AD2F841A3A361100E7E41B;
					};
				};
			};
			buildConfigurationList = 97AD2F801A3A361100E7E41B /* Build configuration list for PBXProject "ShoeConverter" */;
			compatibilityVersion = "Xcode 3.2";
			developmentRegion = English;
			hasScannedForEncodings = 0;
			knownRegions = (
				en,
				Base,
			);
			mainGroup = 97AD2F7C1A3A361100E7E41B;
			productRefGroup = 97AD2F861A3A361100E7E41B /* Products */;
			projectDirPath = "";
			projectRoot = "";
			targets = (
				97AD2F841A3A361100E7E41B /* ShoeConverter */,
				97AD2F991A3A361100E7E41B /* ShoeConverterTests */,
			);
		};
/* End PBXProject section */

/* Begin PBXResourcesBuildPhase section */
		97AD2F831A3A361100E7E41B /* Resources */ = {
			isa = PBXResourcesBuildPhase;
			buildActionMask = 2147483647;
			files = (
				97AD2F901A3A361100E7E41B /* Main.storyboard in Resources */,
				97AD2F951A3A361100E7E41B /* LaunchScreen.xib in Resources */,
				97AD2F921A3A361100E7E41B /* Images.xcassets in Resources */,
			);
			runOnlyForDeploymentPostprocessing = 0;
		};
		97AD2F981A3A361100E7E41B /* Resources */ = {
			isa = PBXResourcesBuildPhase;
			buildActionMask = 2147483647;
			files = (
			);
			runOnlyForDeploymentPostprocessing = 0;
		};
/* End PBXResourcesBuildPhase section */

/* Begin PBXSourcesBuildPhase section */
		97AD2F811A3A361100E7E41B /* Sources */ = {
			isa = PBXSourcesBuildPhase;
			buildActionMask = 2147483647;
			files = (
				97AD2F8D1A3A361100E7E41B /* ViewController.swift in Sources */,
				97AD2F8B1A3A361100E7E41B /* AppDelegate.swift in Sources */,
			);
			runOnlyForDeploymentPostprocessing = 0;
		};
		97AD2F961A3A361100E7E41B /* Sources */ = {
			isa = PBXSourcesBuildPhase;
			buildActionMask = 2147483647;
			files = (
				97AD2FA11A3A361100E7E41B /* ShoeConverterTests.swift in Sources */,
			);
			runOnlyForDeploymentPostprocessing = 0;
		};
/* End PBXSourcesBuildPhase section */

/* Begin PBXTargetDependency section */
		97AD2F9C1A3A361100E7E41B /* PBXTargetDependency */ = {
			isa = PBXTargetDependency;
			target = 97AD2F841A3A361100E7E41B /* ShoeConverter */;
			targetProxy = 97AD2F9B1A3A361100E7E41B /* PBXContainerItemProxy */;
		};
/* End PBXTargetDependency section */

/* Begin PBXVariantGroup section */
		97AD2F8E1A3A361100E7E41B /* Main.storyboard */ = {
			isa = PBXVariantGroup;
			children = (
				97AD2F8F1A3A361100E7E41B /* Base */,
			);
			name = Main.storyboard;
			sourceTree = "<group>";
		};
		97AD2F931A3A361100E7E41B /* LaunchScreen.xib */ = {
			isa = PBXVariantGroup;
			children = (
				97AD2F941A3A361100E7E41B /* Base */,
			);
			name = LaunchScreen.xib;
			sourceTree = "<group>";
		};
/* End PBXVariantGroup section */

/* Begin XCBuildConfiguration section */
		97AD2FA21A3A361100E7E41B /* Debug */ = {
			isa = XCBuildConfiguration;
			buildSettings = {
				ALWAYS_SEARCH_USER_PATHS = NO;
				CLANG_CXX_LANGUAGE_STANDARD = "gnu++0x";
				CLANG_CXX_LIBRARY = "libc++";
				CLANG_ENABLE_MODULES = YES;
				CLANG_ENABLE_OBJC_ARC = YES;
				CLANG_WARN_BOOL_CONVERSION = YES;
				CLANG_WARN_CONSTANT_CONVERSION = YES;
				CLANG_WARN_DIRECT_OBJC_ISA_USAGE = YES_ERROR;
				CLANG_WARN_EMPTY_BODY = YES;
				CLANG_WARN_ENUM_CONVERSION = YES;
				CLANG_WARN_INT_CONVERSION = YES;
				CLANG_WARN_OBJC_ROOT_CLASS = YES_ERROR;
				CLANG_WARN_UNREACHABLE_CODE = YES;
				CLANG_WARN__DUPLICATE_METHOD_MATCH = YES;
				"CODE_SIGN_IDENTITY[sdk=iphoneos*]" = "iPhone Developer";
				COPY_PHASE_STRIP = NO;
				ENABLE_STRICT_OBJC_MSGSEND = YES;
				GCC_C_LANGUAGE_STANDARD = gnu99;
				GCC_DYNAMIC_NO_PIC = NO;
				GCC_OPTIMIZATION_LEVEL = 0;
				GCC_PREPROCESSOR_DEFINITIONS = (
					"DEBUG=1",
					"$(inherited)",
				);
				GCC_SYMBOLS_PRIVATE_EXTERN = NO;
				GCC_WARN_64_TO_32_BIT_CONVERSION = YES;
				GCC_WARN_ABOUT_RETURN_TYPE = YES_ERROR;
				GCC_WARN_UNDECLARED_SELECTOR = YES;
				GCC_WARN_UNINITIALIZED_AUTOS = YES_AGGRESSIVE;
				GCC_WARN_UNUSED_FUNCTION = YES;
				GCC_WARN_UNUSED_VARIABLE = YES;
				IPHONEOS_DEPLOYMENT_TARGET = 8.0;
				MTL_ENABLE_DEBUG_INFO = YES;
				ONLY_ACTIVE_ARCH = YES;
				SDKROOT = iphoneos;
				SWIFT_OPTIMIZATION_LEVEL = "-Onone";
				TARGETED_DEVICE_FAMILY = "1,2";
			};
			name = Debug;
		};
		97AD2FA31A3A361100E7E41B /* Release */ = {
			isa = XCBuildConfiguration;
			buildSettings = {
				ALWAYS_SEARCH_USER_PATHS = NO;
				CLANG_CXX_LANGUAGE_STANDARD = "gnu++0x";
				CLANG_CXX_LIBRARY = "libc++";
				CLANG_ENABLE_MODULES = YES;
				CLANG_ENABLE_OBJC_ARC = YES;
				CLANG_WARN_BOOL_CONVERSION = YES;
				CLANG_WARN_CONSTANT_CONVERSION = YES;
				CLANG_WARN_DIRECT_OBJC_ISA_USAGE = YES_ERROR;
				CLANG_WARN_EMPTY_BODY = YES;
				CLANG_WARN_ENUM_CONVERSION = YES;
				CLANG_WARN_INT_CONVERSION = YES;
				CLANG_WARN_OBJC_ROOT_CLASS = YES_ERROR;
				CLANG_WARN_UNREACHABLE_CODE = YES;
				CLANG_WARN__DUPLICATE_METHOD_MATCH = YES;
				"CODE_SIGN_IDENTITY[sdk=iphoneos*]" = "iPhone Developer";
				COPY_PHASE_STRIP = YES;
				ENABLE_NS_ASSERTIONS = NO;
				ENABLE_STRICT_OBJC_MSGSEND = YES;
				GCC_C_LANGUAGE_STANDARD = gnu99;
				GCC_WARN_64_TO_32_BIT_CONVERSION = YES;
				GCC_WARN_ABOUT_RETURN_TYPE = YES_ERROR;
				GCC_WARN_UNDECLARED_SELECTOR = YES;
				GCC_WARN_UNINITIALIZED_AUTOS = YES_AGGRESSIVE;
				GCC_WARN_UNUSED_FUNCTION = YES;
				GCC_WARN_UNUSED_VARIABLE = YES;
				IPHONEOS_DEPLOYMENT_TARGET = 8.0;
				MTL_ENABLE_DEBUG_INFO = NO;
				SDKROOT = iphoneos;
				TARGETED_DEVICE_FAMILY = "1,2";
				VALIDATE_PRODUCT = YES;
			};
			name = Release;
		};
		97AD2FA51A3A361100E7E41B /* Debug */ = {
			isa = XCBuildConfiguration;
			buildSettings = {
				ASSETCATALOG_COMPILER_APPICON_NAME = AppIcon;
				INFOPLIST_FILE = ShoeConverter/Info.plist;
				LD_RUNPATH_SEARCH_PATHS = "$(inherited) @executable_path/Frameworks";
				PRODUCT_NAME = "$(TARGET_NAME)";
			};
			name = Debug;
		};
		97AD2FA61A3A361100E7E41B /* Release */ = {
			isa = XCBuildConfiguration;
			buildSettings = {
				ASSETCATALOG_COMPILER_APPICON_NAME = AppIcon;
				INFOPLIST_FILE = ShoeConverter/Info.plist;
				LD_RUNPATH_SEARCH_PATHS = "$(inherited) @executable_path/Frameworks";
				PRODUCT_NAME = "$(TARGET_NAME)";
			};
			name = Release;
		};
		97AD2FA81A3A361100E7E41B /* Debug */ = {
			isa = XCBuildConfiguration;
			buildSettings = {
				BUNDLE_LOADER = "$(TEST_HOST)";
				FRAMEWORK_SEARCH_PATHS = (
					"$(SDKROOT)/Developer/Library/Frameworks",
					"$(inherited)",
				);
				GCC_PREPROCESSOR_DEFINITIONS = (
					"DEBUG=1",
					"$(inherited)",
				);
				INFOPLIST_FILE = ShoeConverterTests/Info.plist;
				LD_RUNPATH_SEARCH_PATHS = "$(inherited) @executable_path/Frameworks @loader_path/Frameworks";
				PRODUCT_NAME = "$(TARGET_NAME)";
				TEST_HOST = "$(BUILT_PRODUCTS_DIR)/ShoeConverter.app/ShoeConverter";
			};
			name = Debug;
		};
		97AD2FA91A3A361100E7E41B /* Release */ = {
			isa = XCBuildConfiguration;
			buildSettings = {
				BUNDLE_LOADER = "$(TEST_HOST)";
				FRAMEWORK_SEARCH_PATHS = (
					"$(SDKROOT)/Developer/Library/Frameworks",
					"$(inherited)",
				);
				INFOPLIST_FILE = ShoeConverterTests/Info.plist;
				LD_RUNPATH_SEARCH_PATHS = "$(inherited) @executable_path/Frameworks @loader_path/Frameworks";
				PRODUCT_NAME = "$(TARGET_NAME)";
				TEST_HOST = "$(BUILT_PRODUCTS_DIR)/ShoeConverter.app/ShoeConverter";
			};
			name = Release;
		};
/* End XCBuildConfiguration section */

/* Begin XCConfigurationList section */
		97AD2F801A3A361100E7E41B /* Build configuration list for PBXProject "ShoeConverter" */ = {
			isa = XCConfigurationList;
			buildConfigurations = (
				97AD2FA21A3A361100E7E41B /* Debug */,
				97AD2FA31A3A361100E7E41B /* Release */,
			);
			defaultConfigurationIsVisible = 0;
			defaultConfigurationName = Release;
		};
		97AD2FA41A3A361100E7E41B /* Build configuration list for PBXNativeTarget "ShoeConverter" */ = {
			isa = XCConfigurationList;
			buildConfigurations = (
				97AD2FA51A3A361100E7E41B /* Debug */,
				97AD2FA61A3A361100E7E41B /* Release */,
			);
			defaultConfigurationIsVisible = 0;
		};
		97AD2FA71A3A361100E7E41B /* Build configuration list for PBXNativeTarget "ShoeConverterTests" */ = {
			isa = XCConfigurationList;
			buildConfigurations = (
				97AD2FA81A3A361100E7E41B /* Debug */,
				97AD2FA91A3A361100E7E41B /* Release */,
			);
			defaultConfigurationIsVisible = 0;
		};
/* End XCConfigurationList section */
	};
	rootObject = 97AD2F7D1A3A361100E7E41B /* Project object */;
}
